
Microsoft Visual Studio Solution File, Format Version 12.00
# Visual Studio Version 17
VisualStudioVersion = 17.5.002.0
MinimumVisualStudioVersion = 10.0.40219.1
Project("{2150E333-8FDC-42A3-9474-1A3956D46DE8}") = "backend", "backend", "{177AB627-608E-4485-88BA-61D3467855DF}"
EndProject
Project("{9A19103F-16F7-4668-BE54-9A1E7A4F7556}") = "api", "backend\api\api.csproj", "{A644505B-E31D-465E-9806-BF7BFAA31B58}"
EndProject
Global
	GlobalSection(SolutionConfigurationPlatforms) = preSolution
		Debug|Any CPU = Debug|Any CPU
		Release|Any CPU = Release|Any CPU
	EndGlobalSection
	GlobalSection(ProjectConfigurationPlatforms) = postSolution
		{A644505B-E31D-465E-9806-BF7BFAA31B58}.Debug|Any CPU.ActiveCfg = Debug|Any CPU
		{A644505B-E31D-465E-9806-BF7BFAA31B58}.Debug|Any CPU.Build.0 = Debug|Any CPU
		{A644505B-E31D-465E-9806-BF7BFAA31B58}.Release|Any CPU.ActiveCfg = Release|Any CPU
		{A644505B-E31D-465E-9806-BF7BFAA31B58}.Release|Any CPU.Build.0 = Release|Any CPU
	EndGlobalSection
	GlobalSection(SolutionProperties) = preSolution
		HideSolutionNode = FALSE
	EndGlobalSection
	GlobalSection(NestedProjects) = preSolution
		{A644505B-E31D-465E-9806-BF7BFAA31B58} = {177AB627-608E-4485-88BA-61D3467855DF}
	EndGlobalSection
	GlobalSection(ExtensibilityGlobals) = postSolution
		SolutionGuid = {5E2C1132-826F-4897-92E5-33CC976BBA4A}
	EndGlobalSection
EndGlobal
